// !$*UTF8*$!
{
	archiveVersion = 1;
	classes = {
	};
	objectVersion = 46;
	objects = {

/* Begin PBXBuildFile section */
		0A3240551B4072E5002E3155 /* Dream+CoreDataProperties.swift in Sources */ = {isa = PBXBuildFile; fileRef = 0A3240511B4072E5002E3155 /* Dream+CoreDataProperties.swift */; };
		0A3240561B4072E5002E3155 /* Dream.swift in Sources */ = {isa = PBXBuildFile; fileRef = 0A3240521B4072E5002E3155 /* Dream.swift */; };
		0A3240571B4072E5002E3155 /* Night+CoreDataProperties.swift in Sources */ = {isa = PBXBuildFile; fileRef = 0A3240531B4072E5002E3155 /* Night+CoreDataProperties.swift */; };
		0A3240581B4072E5002E3155 /* Night.swift in Sources */ = {isa = PBXBuildFile; fileRef = 0A3240541B4072E5002E3155 /* Night.swift */; };
		5106BE751A0AD69C00304C5F /* Helpers.swift in Sources */ = {isa = PBXBuildFile; fileRef = 5106BE741A0AD69C00304C5F /* Helpers.swift */; };
		510C30CB1A091307005D92E3 /* HomeViewController.swift in Sources */ = {isa = PBXBuildFile; fileRef = 510C30CA1A091307005D92E3 /* HomeViewController.swift */; };
		510C30D01A091991005D92E3 /* TestViewController.swift in Sources */ = {isa = PBXBuildFile; fileRef = 510C30CF1A091991005D92E3 /* TestViewController.swift */; };
		510C30D21A091A3C005D92E3 /* AVFoundation.framework in Frameworks */ = {isa = PBXBuildFile; fileRef = 510C30D11A091A3C005D92E3 /* AVFoundation.framework */; };
		5155E7931A25A6D900EA2402 /* DreamInstruction.xib in Resources */ = {isa = PBXBuildFile; fileRef = 5155E7921A25A6D900EA2402 /* DreamInstruction.xib */; };
		5164A1FF1A042DE8003BAB76 /* AppDelegate.swift in Sources */ = {isa = PBXBuildFile; fileRef = 5164A1FE1A042DE8003BAB76 /* AppDelegate.swift */; };
		5164A2021A042DE8003BAB76 /* DreamRight.xcdatamodeld in Sources */ = {isa = PBXBuildFile; fileRef = 5164A2001A042DE8003BAB76 /* DreamRight.xcdatamodeld */; };
		5164A2071A042DE8003BAB76 /* Main.storyboard in Resources */ = {isa = PBXBuildFile; fileRef = 5164A2051A042DE8003BAB76 /* Main.storyboard */; };
		5164A2091A042DE8003BAB76 /* Images.xcassets in Resources */ = {isa = PBXBuildFile; fileRef = 5164A2081A042DE8003BAB76 /* Images.xcassets */; };
		5164A2181A042DE8003BAB76 /* DreamRightTests.swift in Sources */ = {isa = PBXBuildFile; fileRef = 5164A2171A042DE8003BAB76 /* DreamRightTests.swift */; };
		5164A2221A04334C003BAB76 /* MoonTransparent.png in Resources */ = {isa = PBXBuildFile; fileRef = 5164A2211A04334C003BAB76 /* MoonTransparent.png */; };
		5164A2301A045FF3003BAB76 /* LaunchScreen.xib in Resources */ = {isa = PBXBuildFile; fileRef = 5164A22E1A045FF3003BAB76 /* LaunchScreen.xib */; };
		517091471A0EFF9000DB1DC8 /* LogCell.xib in Resources */ = {isa = PBXBuildFile; fileRef = 517091461A0EFF9000DB1DC8 /* LogCell.xib */; };
		517AF2F61A13296300169C82 /* DreamView.xib in Resources */ = {isa = PBXBuildFile; fileRef = 517AF2F51A13296300169C82 /* DreamView.xib */; };
		51CA6C3B1A25EC470036C6CD /* DreamQuit.xib in Resources */ = {isa = PBXBuildFile; fileRef = 51CA6C3A1A25EC470036C6CD /* DreamQuit.xib */; };
		51CA6C3D1A26570E0036C6CD /* StarVisualizer.swift in Sources */ = {isa = PBXBuildFile; fileRef = 51CA6C3C1A26570E0036C6CD /* StarVisualizer.swift */; };
		51CA6C3F1A2659D70036C6CD /* unicornHead.png in Resources */ = {isa = PBXBuildFile; fileRef = 51CA6C3E1A2659D70036C6CD /* unicornHead.png */; };
		51E491ED1A06C0E500C39495 /* DreamRightSK.swift in Sources */ = {isa = PBXBuildFile; fileRef = 51E491EC1A06C0E500C39495 /* DreamRightSK.swift */; };
		51FEEFB71A0CC8290079919D /* TransitionManager.swift in Sources */ = {isa = PBXBuildFile; fileRef = 51FEEFB61A0CC8290079919D /* TransitionManager.swift */; };
		51FEEFB91A0EF1D10079919D /* DreamViewController.swift in Sources */ = {isa = PBXBuildFile; fileRef = 51FEEFB81A0EF1D10079919D /* DreamViewController.swift */; };
		51FEEFBB1A0EF21F0079919D /* LogViewController.swift in Sources */ = {isa = PBXBuildFile; fileRef = 51FEEFBA1A0EF21F0079919D /* LogViewController.swift */; };
		76A53CAE86B48511CE9ADB1F /* libPods-DreamRight.a in Frameworks */ = {isa = PBXBuildFile; fileRef = B12A6DE5A51D4A929EC50410 /* libPods-DreamRight.a */; };
/* End PBXBuildFile section */

/* Begin PBXContainerItemProxy section */
		5164A2121A042DE8003BAB76 /* PBXContainerItemProxy */ = {
			isa = PBXContainerItemProxy;
			containerPortal = 5164A1F11A042DE8003BAB76 /* Project object */;
			proxyType = 1;
			remoteGlobalIDString = 5164A1F81A042DE8003BAB76;
			remoteInfo = DreamRight;
		};
/* End PBXContainerItemProxy section */

/* Begin PBXFileReference section */
		0A3240511B4072E5002E3155 /* Dream+CoreDataProperties.swift */ = {isa = PBXFileReference; fileEncoding = 4; lastKnownFileType = sourcecode.swift; path = "Dream+CoreDataProperties.swift"; sourceTree = "<group>"; };
		0A3240521B4072E5002E3155 /* Dream.swift */ = {isa = PBXFileReference; fileEncoding = 4; lastKnownFileType = sourcecode.swift; path = Dream.swift; sourceTree = "<group>"; };
		0A3240531B4072E5002E3155 /* Night+CoreDataProperties.swift */ = {isa = PBXFileReference; fileEncoding = 4; lastKnownFileType = sourcecode.swift; path = "Night+CoreDataProperties.swift"; sourceTree = "<group>"; };
		0A3240541B4072E5002E3155 /* Night.swift */ = {isa = PBXFileReference; fileEncoding = 4; lastKnownFileType = sourcecode.swift; path = Night.swift; sourceTree = "<group>"; };
		2ED8EA416B0D4CFC988E3C33 /* Pods-DreamRight.release.xcconfig */ = {isa = PBXFileReference; includeInIndex = 1; lastKnownFileType = text.xcconfig; name = "Pods-DreamRight.release.xcconfig"; path = "Pods/Target Support Files/Pods-DreamRight/Pods-DreamRight.release.xcconfig"; sourceTree = "<group>"; };
		5106BE741A0AD69C00304C5F /* Helpers.swift */ = {isa = PBXFileReference; fileEncoding = 4; lastKnownFileType = sourcecode.swift; path = Helpers.swift; sourceTree = "<group>"; };
		510AA56D1A1A83980017DDDE /* DreamRight.playground */ = {isa = PBXFileReference; lastKnownFileType = file.playground; path = DreamRight.playground; sourceTree = "<group>"; };
		510C30CA1A091307005D92E3 /* HomeViewController.swift */ = {isa = PBXFileReference; fileEncoding = 4; lastKnownFileType = sourcecode.swift; path = HomeViewController.swift; sourceTree = "<group>"; };
		510C30CC1A0915B1005D92E3 /* BridgingHeader.h */ = {isa = PBXFileReference; lastKnownFileType = sourcecode.c.h; path = BridgingHeader.h; sourceTree = "<group>"; };
		510C30CF1A091991005D92E3 /* TestViewController.swift */ = {isa = PBXFileReference; fileEncoding = 4; lastKnownFileType = sourcecode.swift; path = TestViewController.swift; sourceTree = "<group>"; };
		510C30D11A091A3C005D92E3 /* AVFoundation.framework */ = {isa = PBXFileReference; lastKnownFileType = wrapper.framework; name = AVFoundation.framework; path = System/Library/Frameworks/AVFoundation.framework; sourceTree = SDKROOT; };
		5155E7921A25A6D900EA2402 /* DreamInstruction.xib */ = {isa = PBXFileReference; fileEncoding = 4; lastKnownFileType = file.xib; path = DreamInstruction.xib; sourceTree = "<group>"; };
		5164A1F91A042DE8003BAB76 /* DreamRight.app */ = {isa = PBXFileReference; explicitFileType = wrapper.application; includeInIndex = 0; path = DreamRight.app; sourceTree = BUILT_PRODUCTS_DIR; };
		5164A1FD1A042DE8003BAB76 /* Info.plist */ = {isa = PBXFileReference; lastKnownFileType = text.plist.xml; path = Info.plist; sourceTree = "<group>"; };
		5164A1FE1A042DE8003BAB76 /* AppDelegate.swift */ = {isa = PBXFileReference; lastKnownFileType = sourcecode.swift; path = AppDelegate.swift; sourceTree = "<group>"; };
		5164A2011A042DE8003BAB76 /* DreamRight.xcdatamodel */ = {isa = PBXFileReference; lastKnownFileType = wrapper.xcdatamodel; path = DreamRight.xcdatamodel; sourceTree = "<group>"; };
		5164A2061A042DE8003BAB76 /* Base */ = {isa = PBXFileReference; lastKnownFileType = file.storyboard; name = Base; path = Base.lproj/Main.storyboard; sourceTree = "<group>"; };
		5164A2081A042DE8003BAB76 /* Images.xcassets */ = {isa = PBXFileReference; lastKnownFileType = folder.assetcatalog; path = Images.xcassets; sourceTree = "<group>"; };
		5164A2111A042DE8003BAB76 /* DreamRightTests.xctest */ = {isa = PBXFileReference; explicitFileType = wrapper.cfbundle; includeInIndex = 0; path = DreamRightTests.xctest; sourceTree = BUILT_PRODUCTS_DIR; };
		5164A2161A042DE8003BAB76 /* Info.plist */ = {isa = PBXFileReference; lastKnownFileType = text.plist.xml; path = Info.plist; sourceTree = "<group>"; };
		5164A2171A042DE8003BAB76 /* DreamRightTests.swift */ = {isa = PBXFileReference; lastKnownFileType = sourcecode.swift; path = DreamRightTests.swift; sourceTree = "<group>"; };
		5164A2211A04334C003BAB76 /* MoonTransparent.png */ = {isa = PBXFileReference; lastKnownFileType = image.png; path = MoonTransparent.png; sourceTree = "<group>"; };
		5164A22F1A045FF3003BAB76 /* Base */ = {isa = PBXFileReference; lastKnownFileType = file.xib; name = Base; path = Base.lproj/LaunchScreen.xib; sourceTree = "<group>"; };
		517091461A0EFF9000DB1DC8 /* LogCell.xib */ = {isa = PBXFileReference; fileEncoding = 4; lastKnownFileType = file.xib; path = LogCell.xib; sourceTree = "<group>"; };
		517AF2F51A13296300169C82 /* DreamView.xib */ = {isa = PBXFileReference; fileEncoding = 4; lastKnownFileType = file.xib; path = DreamView.xib; sourceTree = "<group>"; };
		51CA6C3A1A25EC470036C6CD /* DreamQuit.xib */ = {isa = PBXFileReference; fileEncoding = 4; lastKnownFileType = file.xib; path = DreamQuit.xib; sourceTree = "<group>"; };
		51CA6C3C1A26570E0036C6CD /* StarVisualizer.swift */ = {isa = PBXFileReference; fileEncoding = 4; lastKnownFileType = sourcecode.swift; path = StarVisualizer.swift; sourceTree = "<group>"; };
		51CA6C3E1A2659D70036C6CD /* unicornHead.png */ = {isa = PBXFileReference; lastKnownFileType = image.png; path = unicornHead.png; sourceTree = "<group>"; };
		51E491EC1A06C0E500C39495 /* DreamRightSK.swift */ = {isa = PBXFileReference; fileEncoding = 4; lastKnownFileType = sourcecode.swift; path = DreamRightSK.swift; sourceTree = "<group>"; };
		51FEEFB61A0CC8290079919D /* TransitionManager.swift */ = {isa = PBXFileReference; fileEncoding = 4; lastKnownFileType = sourcecode.swift; path = TransitionManager.swift; sourceTree = "<group>"; };
		51FEEFB81A0EF1D10079919D /* DreamViewController.swift */ = {isa = PBXFileReference; fileEncoding = 4; lastKnownFileType = sourcecode.swift; path = DreamViewController.swift; sourceTree = "<group>"; };
		51FEEFBA1A0EF21F0079919D /* LogViewController.swift */ = {isa = PBXFileReference; fileEncoding = 4; lastKnownFileType = sourcecode.swift; path = LogViewController.swift; sourceTree = "<group>"; };
		877BB26B861D23D2A8D6E3BA /* Pods-DreamRight.debug.xcconfig */ = {isa = PBXFileReference; includeInIndex = 1; lastKnownFileType = text.xcconfig; name = "Pods-DreamRight.debug.xcconfig"; path = "Pods/Target Support Files/Pods-DreamRight/Pods-DreamRight.debug.xcconfig"; sourceTree = "<group>"; };
		B12A6DE5A51D4A929EC50410 /* libPods-DreamRight.a */ = {isa = PBXFileReference; explicitFileType = archive.ar; includeInIndex = 0; path = "libPods-DreamRight.a"; sourceTree = BUILT_PRODUCTS_DIR; };
/* End PBXFileReference section */

/* Begin PBXFrameworksBuildPhase section */
		5164A1F61A042DE8003BAB76 /* Frameworks */ = {
			isa = PBXFrameworksBuildPhase;
			buildActionMask = 2147483647;
			files = (
				510C30D21A091A3C005D92E3 /* AVFoundation.framework in Frameworks */,
				76A53CAE86B48511CE9ADB1F /* libPods-DreamRight.a in Frameworks */,
			);
			runOnlyForDeploymentPostprocessing = 0;
		};
		5164A20E1A042DE8003BAB76 /* Frameworks */ = {
			isa = PBXFrameworksBuildPhase;
			buildActionMask = 2147483647;
			files = (
			);
			runOnlyForDeploymentPostprocessing = 0;
		};
/* End PBXFrameworksBuildPhase section */

/* Begin PBXGroup section */
		0A3240591B4072FE002E3155 /* Core Data */ = {
			isa = PBXGroup;
			children = (
				5164A2001A042DE8003BAB76 /* DreamRight.xcdatamodeld */,
				0A3240511B4072E5002E3155 /* Dream+CoreDataProperties.swift */,
				0A3240521B4072E5002E3155 /* Dream.swift */,
				0A3240531B4072E5002E3155 /* Night+CoreDataProperties.swift */,
				0A3240541B4072E5002E3155 /* Night.swift */,
			);
			name = "Core Data";
			sourceTree = "<group>";
		};
		2967C3977CFB1DFA0DB32496 /* Frameworks */ = {
			isa = PBXGroup;
			children = (
				510C30D11A091A3C005D92E3 /* AVFoundation.framework */,
				B12A6DE5A51D4A929EC50410 /* libPods-DreamRight.a */,
			);
			name = Frameworks;
			sourceTree = "<group>";
		};
		5164A1F01A042DE8003BAB76 = {
			isa = PBXGroup;
			children = (
				5164A1FB1A042DE8003BAB76 /* DreamRight */,
				5164A2141A042DE8003BAB76 /* DreamRightTests */,
				5164A1FA1A042DE8003BAB76 /* Products */,
				E072760F9FBD31960DF241BD /* Pods */,
				2967C3977CFB1DFA0DB32496 /* Frameworks */,
			);
			sourceTree = "<group>";
		};
		5164A1FA1A042DE8003BAB76 /* Products */ = {
			isa = PBXGroup;
			children = (
				5164A1F91A042DE8003BAB76 /* DreamRight.app */,
				5164A2111A042DE8003BAB76 /* DreamRightTests.xctest */,
			);
			name = Products;
			sourceTree = "<group>";
		};
		5164A1FB1A042DE8003BAB76 /* DreamRight */ = {
			isa = PBXGroup;
			children = (
				510C30CF1A091991005D92E3 /* TestViewController.swift */,
				510C30CA1A091307005D92E3 /* HomeViewController.swift */,
				51FEEFB81A0EF1D10079919D /* DreamViewController.swift */,
				51FEEFBA1A0EF21F0079919D /* LogViewController.swift */,
				51CA6C3C1A26570E0036C6CD /* StarVisualizer.swift */,
				517AF2F71A13297A00169C82 /* User Interface */,
				5164A2231A04334F003BAB76 /* Images */,
				5164A1FC1A042DE8003BAB76 /* Supporting Files */,
			);
			path = DreamRight;
			sourceTree = "<group>";
		};
		5164A1FC1A042DE8003BAB76 /* Supporting Files */ = {
			isa = PBXGroup;
			children = (
				0A3240591B4072FE002E3155 /* Core Data */,
				510AA56D1A1A83980017DDDE /* DreamRight.playground */,
				5164A1FD1A042DE8003BAB76 /* Info.plist */,
				5164A1FE1A042DE8003BAB76 /* AppDelegate.swift */,
				51FEEFB61A0CC8290079919D /* TransitionManager.swift */,
				51E491EC1A06C0E500C39495 /* DreamRightSK.swift */,
				5106BE741A0AD69C00304C5F /* Helpers.swift */,
				510C30CC1A0915B1005D92E3 /* BridgingHeader.h */,
			);
			name = "Supporting Files";
			sourceTree = "<group>";
		};
		5164A2141A042DE8003BAB76 /* DreamRightTests */ = {
			isa = PBXGroup;
			children = (
				5164A2171A042DE8003BAB76 /* DreamRightTests.swift */,
				5164A2151A042DE8003BAB76 /* Supporting Files */,
			);
			path = DreamRightTests;
			sourceTree = "<group>";
		};
		5164A2151A042DE8003BAB76 /* Supporting Files */ = {
			isa = PBXGroup;
			children = (
				5164A2161A042DE8003BAB76 /* Info.plist */,
			);
			name = "Supporting Files";
			sourceTree = "<group>";
		};
		5164A2231A04334F003BAB76 /* Images */ = {
			isa = PBXGroup;
			children = (
				5164A2081A042DE8003BAB76 /* Images.xcassets */,
				51CA6C3E1A2659D70036C6CD /* unicornHead.png */,
				5164A2211A04334C003BAB76 /* MoonTransparent.png */,
			);
			name = Images;
			sourceTree = "<group>";
		};
		517AF2F71A13297A00169C82 /* User Interface */ = {
			isa = PBXGroup;
			children = (
				5164A22E1A045FF3003BAB76 /* LaunchScreen.xib */,
				517091461A0EFF9000DB1DC8 /* LogCell.xib */,
				517AF2F51A13296300169C82 /* DreamView.xib */,
				5164A2051A042DE8003BAB76 /* Main.storyboard */,
				5155E7921A25A6D900EA2402 /* DreamInstruction.xib */,
				51CA6C3A1A25EC470036C6CD /* DreamQuit.xib */,
			);
			name = "User Interface";
			sourceTree = "<group>";
		};
		E072760F9FBD31960DF241BD /* Pods */ = {
			isa = PBXGroup;
			children = (
				877BB26B861D23D2A8D6E3BA /* Pods-DreamRight.debug.xcconfig */,
				2ED8EA416B0D4CFC988E3C33 /* Pods-DreamRight.release.xcconfig */,
			);
			name = Pods;
			sourceTree = "<group>";
		};
/* End PBXGroup section */

/* Begin PBXNativeTarget section */
		5164A1F81A042DE8003BAB76 /* DreamRight */ = {
			isa = PBXNativeTarget;
			buildConfigurationList = 5164A21B1A042DE8003BAB76 /* Build configuration list for PBXNativeTarget "DreamRight" */;
			buildPhases = (
				99B5951572433D807FD63527 /* Check Pods Manifest.lock */,
				5164A1F51A042DE8003BAB76 /* Sources */,
				5164A1F61A042DE8003BAB76 /* Frameworks */,
				5164A1F71A042DE8003BAB76 /* Resources */,
				F76637EBF1D6C1EF1970AE76 /* Copy Pods Resources */,
			);
			buildRules = (
			);
			dependencies = (
			);
			name = DreamRight;
			productName = DreamRight;
			productReference = 5164A1F91A042DE8003BAB76 /* DreamRight.app */;
			productType = "com.apple.product-type.application";
		};
		5164A2101A042DE8003BAB76 /* DreamRightTests */ = {
			isa = PBXNativeTarget;
			buildConfigurationList = 5164A21E1A042DE8003BAB76 /* Build configuration list for PBXNativeTarget "DreamRightTests" */;
			buildPhases = (
				5164A20D1A042DE8003BAB76 /* Sources */,
				5164A20E1A042DE8003BAB76 /* Frameworks */,
				5164A20F1A042DE8003BAB76 /* Resources */,
			);
			buildRules = (
			);
			dependencies = (
				5164A2131A042DE8003BAB76 /* PBXTargetDependency */,
			);
			name = DreamRightTests;
			productName = DreamRightTests;
			productReference = 5164A2111A042DE8003BAB76 /* DreamRightTests.xctest */;
			productType = "com.apple.product-type.bundle.unit-test";
		};
/* End PBXNativeTarget section */

/* Begin PBXProject section */
		5164A1F11A042DE8003BAB76 /* Project object */ = {
			isa = PBXProject;
			attributes = {
				LastSwiftUpdateCheck = 0700;
				LastUpgradeCheck = 0700;
				ORGANIZATIONNAME = SideApps;
				TargetAttributes = {
					5164A1F81A042DE8003BAB76 = {
						CreatedOnToolsVersion = 6.1;
						DevelopmentTeam = S7BT87895F;
					};
					5164A2101A042DE8003BAB76 = {
						CreatedOnToolsVersion = 6.1;
						TestTargetID = 5164A1F81A042DE8003BAB76;
					};
				};
			};
			buildConfigurationList = 5164A1F41A042DE8003BAB76 /* Build configuration list for PBXProject "DreamRight" */;
			compatibilityVersion = "Xcode 3.2";
			developmentRegion = English;
			hasScannedForEncodings = 0;
			knownRegions = (
				en,
				Base,
			);
			mainGroup = 5164A1F01A042DE8003BAB76;
			productRefGroup = 5164A1FA1A042DE8003BAB76 /* Products */;
			projectDirPath = "";
			projectRoot = "";
			targets = (
				5164A1F81A042DE8003BAB76 /* DreamRight */,
				5164A2101A042DE8003BAB76 /* DreamRightTests */,
			);
		};
/* End PBXProject section */

/* Begin PBXResourcesBuildPhase section */
		5164A1F71A042DE8003BAB76 /* Resources */ = {
			isa = PBXResourcesBuildPhase;
			buildActionMask = 2147483647;
			files = (
				5164A2071A042DE8003BAB76 /* Main.storyboard in Resources */,
				517091471A0EFF9000DB1DC8 /* LogCell.xib in Resources */,
				51CA6C3B1A25EC470036C6CD /* DreamQuit.xib in Resources */,
				51CA6C3F1A2659D70036C6CD /* unicornHead.png in Resources */,
				517AF2F61A13296300169C82 /* DreamView.xib in Resources */,
				5155E7931A25A6D900EA2402 /* DreamInstruction.xib in Resources */,
				5164A2221A04334C003BAB76 /* MoonTransparent.png in Resources */,
				5164A2301A045FF3003BAB76 /* LaunchScreen.xib in Resources */,
				5164A2091A042DE8003BAB76 /* Images.xcassets in Resources */,
			);
			runOnlyForDeploymentPostprocessing = 0;
		};
		5164A20F1A042DE8003BAB76 /* Resources */ = {
			isa = PBXResourcesBuildPhase;
			buildActionMask = 2147483647;
			files = (
			);
			runOnlyForDeploymentPostprocessing = 0;
		};
/* End PBXResourcesBuildPhase section */

/* Begin PBXShellScriptBuildPhase section */
		99B5951572433D807FD63527 /* Check Pods Manifest.lock */ = {
			isa = PBXShellScriptBuildPhase;
			buildActionMask = 2147483647;
			files = (
			);
			inputPaths = (
			);
			name = "Check Pods Manifest.lock";
			outputPaths = (
			);
			runOnlyForDeploymentPostprocessing = 0;
			shellPath = /bin/sh;
			shellScript = "diff \"${PODS_ROOT}/../Podfile.lock\" \"${PODS_ROOT}/Manifest.lock\" > /dev/null\nif [[ $? != 0 ]] ; then\n    cat << EOM\nerror: The sandbox is not in sync with the Podfile.lock. Run 'pod install' or update your CocoaPods installation.\nEOM\n    exit 1\nfi\n";
			showEnvVarsInLog = 0;
		};
		F76637EBF1D6C1EF1970AE76 /* Copy Pods Resources */ = {
			isa = PBXShellScriptBuildPhase;
			buildActionMask = 2147483647;
			files = (
			);
			inputPaths = (
			);
			name = "Copy Pods Resources";
			outputPaths = (
			);
			runOnlyForDeploymentPostprocessing = 0;
			shellPath = /bin/sh;
			shellScript = "\"${SRCROOT}/Pods/Target Support Files/Pods-DreamRight/Pods-DreamRight-resources.sh\"\n";
			showEnvVarsInLog = 0;
		};
/* End PBXShellScriptBuildPhase section */

/* Begin PBXSourcesBuildPhase section */
		5164A1F51A042DE8003BAB76 /* Sources */ = {
			isa = PBXSourcesBuildPhase;
			buildActionMask = 2147483647;
			files = (
				510C30D01A091991005D92E3 /* TestViewController.swift in Sources */,
				5106BE751A0AD69C00304C5F /* Helpers.swift in Sources */,
				0A3240571B4072E5002E3155 /* Night+CoreDataProperties.swift in Sources */,
				51FEEFB71A0CC8290079919D /* TransitionManager.swift in Sources */,
				0A3240581B4072E5002E3155 /* Night.swift in Sources */,
				51FEEFBB1A0EF21F0079919D /* LogViewController.swift in Sources */,
				5164A2021A042DE8003BAB76 /* DreamRight.xcdatamodeld in Sources */,
				0A3240551B4072E5002E3155 /* Dream+CoreDataProperties.swift in Sources */,
				51FEEFB91A0EF1D10079919D /* DreamViewController.swift in Sources */,
				51E491ED1A06C0E500C39495 /* DreamRightSK.swift in Sources */,
				51CA6C3D1A26570E0036C6CD /* StarVisualizer.swift in Sources */,
				5164A1FF1A042DE8003BAB76 /* AppDelegate.swift in Sources */,
				510C30CB1A091307005D92E3 /* HomeViewController.swift in Sources */,
				0A3240561B4072E5002E3155 /* Dream.swift in Sources */,
			);
			runOnlyForDeploymentPostprocessing = 0;
		};
		5164A20D1A042DE8003BAB76 /* Sources */ = {
			isa = PBXSourcesBuildPhase;
			buildActionMask = 2147483647;
			files = (
				5164A2181A042DE8003BAB76 /* DreamRightTests.swift in Sources */,
			);
			runOnlyForDeploymentPostprocessing = 0;
		};
/* End PBXSourcesBuildPhase section */

/* Begin PBXTargetDependency section */
		5164A2131A042DE8003BAB76 /* PBXTargetDependency */ = {
			isa = PBXTargetDependency;
			target = 5164A1F81A042DE8003BAB76 /* DreamRight */;
			targetProxy = 5164A2121A042DE8003BAB76 /* PBXContainerItemProxy */;
		};
/* End PBXTargetDependency section */

/* Begin PBXVariantGroup section */
		5164A2051A042DE8003BAB76 /* Main.storyboard */ = {
			isa = PBXVariantGroup;
			children = (
				5164A2061A042DE8003BAB76 /* Base */,
			);
			name = Main.storyboard;
			sourceTree = "<group>";
		};
		5164A22E1A045FF3003BAB76 /* LaunchScreen.xib */ = {
			isa = PBXVariantGroup;
			children = (
				5164A22F1A045FF3003BAB76 /* Base */,
			);
			name = LaunchScreen.xib;
			sourceTree = "<group>";
		};
/* End PBXVariantGroup section */

/* Begin XCBuildConfiguration section */
		5164A2191A042DE8003BAB76 /* Debug */ = {
			isa = XCBuildConfiguration;
			buildSettings = {
				ALWAYS_SEARCH_USER_PATHS = NO;
				CLANG_CXX_LANGUAGE_STANDARD = "gnu++0x";
				CLANG_CXX_LIBRARY = "libc++";
				CLANG_ENABLE_MODULES = YES;
				CLANG_ENABLE_OBJC_ARC = YES;
				CLANG_WARN_BOOL_CONVERSION = YES;
				CLANG_WARN_CONSTANT_CONVERSION = YES;
				CLANG_WARN_DIRECT_OBJC_ISA_USAGE = YES_ERROR;
				CLANG_WARN_EMPTY_BODY = YES;
				CLANG_WARN_ENUM_CONVERSION = YES;
				CLANG_WARN_INT_CONVERSION = YES;
				CLANG_WARN_OBJC_ROOT_CLASS = YES_ERROR;
				CLANG_WARN_UNREACHABLE_CODE = YES;
				CLANG_WARN__DUPLICATE_METHOD_MATCH = YES;
				"CODE_SIGN_IDENTITY[sdk=iphoneos*]" = "iPhone Developer";
				COPY_PHASE_STRIP = NO;
				ENABLE_STRICT_OBJC_MSGSEND = YES;
				ENABLE_TESTABILITY = YES;
				GCC_C_LANGUAGE_STANDARD = gnu99;
				GCC_DYNAMIC_NO_PIC = NO;
				GCC_OPTIMIZATION_LEVEL = 0;
				GCC_PREPROCESSOR_DEFINITIONS = (
					"DEBUG=1",
					"$(inherited)",
				);
				GCC_SYMBOLS_PRIVATE_EXTERN = NO;
				GCC_WARN_64_TO_32_BIT_CONVERSION = YES;
				GCC_WARN_ABOUT_RETURN_TYPE = YES_ERROR;
				GCC_WARN_UNDECLARED_SELECTOR = YES;
				GCC_WARN_UNINITIALIZED_AUTOS = YES_AGGRESSIVE;
				GCC_WARN_UNUSED_FUNCTION = YES;
				GCC_WARN_UNUSED_VARIABLE = YES;
				IPHONEOS_DEPLOYMENT_TARGET = 8.1;
				MTL_ENABLE_DEBUG_INFO = YES;
				ONLY_ACTIVE_ARCH = YES;
				SDKROOT = iphoneos;
				SWIFT_OPTIMIZATION_LEVEL = "-Onone";
			};
			name = Debug;
		};
		5164A21A1A042DE8003BAB76 /* Release */ = {
			isa = XCBuildConfiguration;
			buildSettings = {
				ALWAYS_SEARCH_USER_PATHS = NO;
				CLANG_CXX_LANGUAGE_STANDARD = "gnu++0x";
				CLANG_CXX_LIBRARY = "libc++";
				CLANG_ENABLE_MODULES = YES;
				CLANG_ENABLE_OBJC_ARC = YES;
				CLANG_WARN_BOOL_CONVERSION = YES;
				CLANG_WARN_CONSTANT_CONVERSION = YES;
				CLANG_WARN_DIRECT_OBJC_ISA_USAGE = YES_ERROR;
				CLANG_WARN_EMPTY_BODY = YES;
				CLANG_WARN_ENUM_CONVERSION = YES;
				CLANG_WARN_INT_CONVERSION = YES;
				CLANG_WARN_OBJC_ROOT_CLASS = YES_ERROR;
				CLANG_WARN_UNREACHABLE_CODE = YES;
				CLANG_WARN__DUPLICATE_METHOD_MATCH = YES;
				"CODE_SIGN_IDENTITY[sdk=iphoneos*]" = "iPhone Developer";
				COPY_PHASE_STRIP = YES;
				ENABLE_NS_ASSERTIONS = NO;
				ENABLE_STRICT_OBJC_MSGSEND = YES;
				GCC_C_LANGUAGE_STANDARD = gnu99;
				GCC_WARN_64_TO_32_BIT_CONVERSION = YES;
				GCC_WARN_ABOUT_RETURN_TYPE = YES_ERROR;
				GCC_WARN_UNDECLARED_SELECTOR = YES;
				GCC_WARN_UNINITIALIZED_AUTOS = YES_AGGRESSIVE;
				GCC_WARN_UNUSED_FUNCTION = YES;
				GCC_WARN_UNUSED_VARIABLE = YES;
				IPHONEOS_DEPLOYMENT_TARGET = 8.1;
				MTL_ENABLE_DEBUG_INFO = NO;
				SDKROOT = iphoneos;
				VALIDATE_PRODUCT = YES;
			};
			name = Release;
		};
		5164A21C1A042DE8003BAB76 /* Debug */ = {
			isa = XCBuildConfiguration;
			baseConfigurationReference = 877BB26B861D23D2A8D6E3BA /* Pods-DreamRight.debug.xcconfig */;
			buildSettings = {
				ASSETCATALOG_COMPILER_APPICON_NAME = AppIcon;
				CODE_SIGN_IDENTITY = "iPhone Distribution";
				"CODE_SIGN_IDENTITY[sdk=iphoneos*]" = "iPhone Developer";
				INFOPLIST_FILE = DreamRight/Info.plist;
				IPHONEOS_DEPLOYMENT_TARGET = 9.0;
				LD_RUNPATH_SEARCH_PATHS = "$(inherited) @executable_path/Frameworks";
				PRODUCT_BUNDLE_IDENTIFIER = "com.sideapps.$(PRODUCT_NAME:rfc1034identifier)";
				PRODUCT_NAME = "$(TARGET_NAME)";
				PROVISIONING_PROFILE = "";
				SWIFT_OBJC_BRIDGING_HEADER = DreamRight/BridgingHeader.h;
			};
			name = Debug;
		};
		5164A21D1A042DE8003BAB76 /* Release */ = {
			isa = XCBuildConfiguration;
			baseConfigurationReference = 2ED8EA416B0D4CFC988E3C33 /* Pods-DreamRight.release.xcconfig */;
			buildSettings = {
				ASSETCATALOG_COMPILER_APPICON_NAME = AppIcon;
				CODE_SIGN_IDENTITY = "iPhone Distribution";
				"CODE_SIGN_IDENTITY[sdk=iphoneos*]" = "iPhone Developer";
				INFOPLIST_FILE = DreamRight/Info.plist;
				IPHONEOS_DEPLOYMENT_TARGET = 9.0;
				LD_RUNPATH_SEARCH_PATHS = "$(inherited) @executable_path/Frameworks";
				PRODUCT_BUNDLE_IDENTIFIER = "com.sideapps.$(PRODUCT_NAME:rfc1034identifier)";
				PRODUCT_NAME = "$(TARGET_NAME)";
				PROVISIONING_PROFILE = "";
				SWIFT_OBJC_BRIDGING_HEADER = DreamRight/BridgingHeader.h;
			};
			name = Release;
		};
		5164A21F1A042DE8003BAB76 /* Debug */ = {
			isa = XCBuildConfiguration;
			buildSettings = {
				BUNDLE_LOADER = "$(TEST_HOST)";
				FRAMEWORK_SEARCH_PATHS = (
					"$(SDKROOT)/Developer/Library/Frameworks",
					"$(inherited)",
				);
				GCC_PREPROCESSOR_DEFINITIONS = (
					"DEBUG=1",
					"$(inherited)",
				);
				INFOPLIST_FILE = DreamRightTests/Info.plist;
				LD_RUNPATH_SEARCH_PATHS = "$(inherited) @executable_path/Frameworks @loader_path/Frameworks";
				PRODUCT_BUNDLE_IDENTIFIER = "com.sideapps.$(PRODUCT_NAME:rfc1034identifier)";
				PRODUCT_NAME = "$(TARGET_NAME)";
				TEST_HOST = "$(BUILT_PRODUCTS_DIR)/DreamRight.app/DreamRight";
			};
			name = Debug;
		};
		5164A2201A042DE8003BAB76 /* Release */ = {
			isa = XCBuildConfiguration;
			buildSettings = {
				BUNDLE_LOADER = "$(TEST_HOST)";
				FRAMEWORK_SEARCH_PATHS = (
					"$(SDKROOT)/Developer/Library/Frameworks",
					"$(inherited)",
				);
				INFOPLIST_FILE = DreamRightTests/Info.plist;
				LD_RUNPATH_SEARCH_PATHS = "$(inherited) @executable_path/Frameworks @loader_path/Frameworks";
				PRODUCT_BUNDLE_IDENTIFIER = "com.sideapps.$(PRODUCT_NAME:rfc1034identifier)";
				PRODUCT_NAME = "$(TARGET_NAME)";
				TEST_HOST = "$(BUILT_PRODUCTS_DIR)/DreamRight.app/DreamRight";
			};
			name = Release;
		};
/* End XCBuildConfiguration section */

/* Begin XCConfigurationList section */
		5164A1F41A042DE8003BAB76 /* Build configuration list for PBXProject "DreamRight" */ = {
			isa = XCConfigurationList;
			buildConfigurations = (
				5164A2191A042DE8003BAB76 /* Debug */,
				5164A21A1A042DE8003BAB76 /* Release */,
			);
			defaultConfigurationIsVisible = 0;
			defaultConfigurationName = Release;
		};
		5164A21B1A042DE8003BAB76 /* Build configuration list for PBXNativeTarget "DreamRight" */ = {
			isa = XCConfigurationList;
			buildConfigurations = (
				5164A21C1A042DE8003BAB76 /* Debug */,
				5164A21D1A042DE8003BAB76 /* Release */,
			);
			defaultConfigurationIsVisible = 0;
			defaultConfigurationName = Release;
		};
		5164A21E1A042DE8003BAB76 /* Build configuration list for PBXNativeTarget "DreamRightTests" */ = {
			isa = XCConfigurationList;
			buildConfigurations = (
				5164A21F1A042DE8003BAB76 /* Debug */,
				5164A2201A042DE8003BAB76 /* Release */,
			);
			defaultConfigurationIsVisible = 0;
			defaultConfigurationName = Release;
		};
/* End XCConfigurationList section */

/* Begin XCVersionGroup section */
		5164A2001A042DE8003BAB76 /* DreamRight.xcdatamodeld */ = {
			isa = XCVersionGroup;
			children = (
				5164A2011A042DE8003BAB76 /* DreamRight.xcdatamodel */,
			);
			currentVersion = 5164A2011A042DE8003BAB76 /* DreamRight.xcdatamodel */;
			path = DreamRight.xcdatamodeld;
			sourceTree = "<group>";
			versionGroupType = wrapper.xcdatamodel;
		};
/* End XCVersionGroup section */
	};
	rootObject = 5164A1F11A042DE8003BAB76 /* Project object */;
}
